// !$*UTF8*$!
{
	archiveVersion = 1;
	classes = {
	};
	objectVersion = 50;
	objects = {

/* Begin PBXBuildFile section */
		0D8A88D4250E20A400D0B1C6 /* AppDelegate.swift in Sources */ = {isa = PBXBuildFile; fileRef = 0D8A88D3250E20A400D0B1C6 /* AppDelegate.swift */; };
		0D8A88D6250E20A400D0B1C6 /* SceneDelegate.swift in Sources */ = {isa = PBXBuildFile; fileRef = 0D8A88D5250E20A400D0B1C6 /* SceneDelegate.swift */; };
		0D8A88D8250E20A400D0B1C6 /* ViewController.swift in Sources */ = {isa = PBXBuildFile; fileRef = 0D8A88D7250E20A400D0B1C6 /* ViewController.swift */; };
		0D8A88DB250E20A400D0B1C6 /* Main.storyboard in Resources */ = {isa = PBXBuildFile; fileRef = 0D8A88D9250E20A400D0B1C6 /* Main.storyboard */; };
		0D8A88DD250E20A800D0B1C6 /* Assets.xcassets in Resources */ = {isa = PBXBuildFile; fileRef = 0D8A88DC250E20A800D0B1C6 /* Assets.xcassets */; };
		0D8A88E0250E20A800D0B1C6 /* LaunchScreen.storyboard in Resources */ = {isa = PBXBuildFile; fileRef = 0D8A88DE250E20A800D0B1C6 /* LaunchScreen.storyboard */; };
		0D8A88EE250E20DE00D0B1C6 /* UnitTestingDemoTests.swift in Sources */ = {isa = PBXBuildFile; fileRef = 0D8A88ED250E20DE00D0B1C6 /* UnitTestingDemoTests.swift */; };
		0D8A88F6250E249200D0B1C6 /* Pokemon.swift in Sources */ = {isa = PBXBuildFile; fileRef = 0D8A88F5250E249200D0B1C6 /* Pokemon.swift */; };
/* End PBXBuildFile section */

/* Begin PBXContainerItemProxy section */
		0D8A88F0250E20DE00D0B1C6 /* PBXContainerItemProxy */ = {
			isa = PBXContainerItemProxy;
			containerPortal = 0D8A88C8250E20A400D0B1C6 /* Project object */;
			proxyType = 1;
			remoteGlobalIDString = 0D8A88CF250E20A400D0B1C6;
			remoteInfo = UnitTestingDemo;
		};
/* End PBXContainerItemProxy section */

/* Begin PBXFileReference section */
		0D8A88D0250E20A400D0B1C6 /* UnitTestingDemo.app */ = {isa = PBXFileReference; explicitFileType = wrapper.application; includeInIndex = 0; path = UnitTestingDemo.app; sourceTree = BUILT_PRODUCTS_DIR; };
		0D8A88D3250E20A400D0B1C6 /* AppDelegate.swift */ = {isa = PBXFileReference; lastKnownFileType = sourcecode.swift; path = AppDelegate.swift; sourceTree = "<group>"; };
		0D8A88D5250E20A400D0B1C6 /* SceneDelegate.swift */ = {isa = PBXFileReference; lastKnownFileType = sourcecode.swift; path = SceneDelegate.swift; sourceTree = "<group>"; };
		0D8A88D7250E20A400D0B1C6 /* ViewController.swift */ = {isa = PBXFileReference; lastKnownFileType = sourcecode.swift; path = ViewController.swift; sourceTree = "<group>"; };
		0D8A88DA250E20A400D0B1C6 /* Base */ = {isa = PBXFileReference; lastKnownFileType = file.storyboard; name = Base; path = Base.lproj/Main.storyboard; sourceTree = "<group>"; };
		0D8A88DC250E20A800D0B1C6 /* Assets.xcassets */ = {isa = PBXFileReference; lastKnownFileType = folder.assetcatalog; path = Assets.xcassets; sourceTree = "<group>"; };
		0D8A88DF250E20A800D0B1C6 /* Base */ = {isa = PBXFileReference; lastKnownFileType = file.storyboard; name = Base; path = Base.lproj/LaunchScreen.storyboard; sourceTree = "<group>"; };
		0D8A88E1250E20A800D0B1C6 /* Info.plist */ = {isa = PBXFileReference; lastKnownFileType = text.plist.xml; path = Info.plist; sourceTree = "<group>"; };
		0D8A88EB250E20DE00D0B1C6 /* UnitTestingDemoTests.xctest */ = {isa = PBXFileReference; explicitFileType = wrapper.cfbundle; includeInIndex = 0; path = UnitTestingDemoTests.xctest; sourceTree = BUILT_PRODUCTS_DIR; };
		0D8A88ED250E20DE00D0B1C6 /* UnitTestingDemoTests.swift */ = {isa = PBXFileReference; lastKnownFileType = sourcecode.swift; path = UnitTestingDemoTests.swift; sourceTree = "<group>"; };
		0D8A88EF250E20DE00D0B1C6 /* Info.plist */ = {isa = PBXFileReference; lastKnownFileType = text.plist.xml; path = Info.plist; sourceTree = "<group>"; };
		0D8A88F5250E249200D0B1C6 /* Pokemon.swift */ = {isa = PBXFileReference; lastKnownFileType = sourcecode.swift; path = Pokemon.swift; sourceTree = "<group>"; };
/* End PBXFileReference section */

/* Begin PBXFrameworksBuildPhase section */
		0D8A88CD250E20A400D0B1C6 /* Frameworks */ = {
			isa = PBXFrameworksBuildPhase;
			buildActionMask = 2147483647;
			files = (
			);
			runOnlyForDeploymentPostprocessing = 0;
		};
		0D8A88E8250E20DE00D0B1C6 /* Frameworks */ = {
			isa = PBXFrameworksBuildPhase;
			buildActionMask = 2147483647;
			files = (
			);
			runOnlyForDeploymentPostprocessing = 0;
		};
/* End PBXFrameworksBuildPhase section */

/* Begin PBXGroup section */
		0D8A88C7250E20A400D0B1C6 = {
			isa = PBXGroup;
			children = (
				0D8A88D2250E20A400D0B1C6 /* UnitTestingDemo */,
				0D8A88EC250E20DE00D0B1C6 /* UnitTestingDemoTests */,
				0D8A88D1250E20A400D0B1C6 /* Products */,
			);
			sourceTree = "<group>";
		};
		0D8A88D1250E20A400D0B1C6 /* Products */ = {
			isa = PBXGroup;
			children = (
				0D8A88D0250E20A400D0B1C6 /* UnitTestingDemo.app */,
				0D8A88EB250E20DE00D0B1C6 /* UnitTestingDemoTests.xctest */,
			);
			name = Products;
			sourceTree = "<group>";
		};
		0D8A88D2250E20A400D0B1C6 /* UnitTestingDemo */ = {
			isa = PBXGroup;
			children = (
				0D8A88D3250E20A400D0B1C6 /* AppDelegate.swift */,
				0D8A88D5250E20A400D0B1C6 /* SceneDelegate.swift */,
				0D8A88D7250E20A400D0B1C6 /* ViewController.swift */,
				0D8A88F5250E249200D0B1C6 /* Pokemon.swift */,
				0D8A88D9250E20A400D0B1C6 /* Main.storyboard */,
				0D8A88DC250E20A800D0B1C6 /* Assets.xcassets */,
				0D8A88DE250E20A800D0B1C6 /* LaunchScreen.storyboard */,
				0D8A88E1250E20A800D0B1C6 /* Info.plist */,
			);
			path = UnitTestingDemo;
			sourceTree = "<group>";
		};
		0D8A88EC250E20DE00D0B1C6 /* UnitTestingDemoTests */ = {
			isa = PBXGroup;
			children = (
				0D8A88ED250E20DE00D0B1C6 /* UnitTestingDemoTests.swift */,
				0D8A88EF250E20DE00D0B1C6 /* Info.plist */,
			);
			path = UnitTestingDemoTests;
			sourceTree = "<group>";
		};
/* End PBXGroup section */

/* Begin PBXNativeTarget section */
		0D8A88CF250E20A400D0B1C6 /* UnitTestingDemo */ = {
			isa = PBXNativeTarget;
			buildConfigurationList = 0D8A88E4250E20A800D0B1C6 /* Build configuration list for PBXNativeTarget "UnitTestingDemo" */;
			buildPhases = (
				0D8A88CC250E20A400D0B1C6 /* Sources */,
				0D8A88CD250E20A400D0B1C6 /* Frameworks */,
				0D8A88CE250E20A400D0B1C6 /* Resources */,
			);
			buildRules = (
			);
			dependencies = (
			);
			name = UnitTestingDemo;
			productName = UnitTestingDemo;
			productReference = 0D8A88D0250E20A400D0B1C6 /* UnitTestingDemo.app */;
			productType = "com.apple.product-type.application";
		};
		0D8A88EA250E20DE00D0B1C6 /* UnitTestingDemoTests */ = {
			isa = PBXNativeTarget;
			buildConfigurationList = 0D8A88F2250E20DE00D0B1C6 /* Build configuration list for PBXNativeTarget "UnitTestingDemoTests" */;
			buildPhases = (
				0D8A88E7250E20DE00D0B1C6 /* Sources */,
				0D8A88E8250E20DE00D0B1C6 /* Frameworks */,
				0D8A88E9250E20DE00D0B1C6 /* Resources */,
			);
			buildRules = (
			);
			dependencies = (
				0D8A88F1250E20DE00D0B1C6 /* PBXTargetDependency */,
			);
			name = UnitTestingDemoTests;
			productName = UnitTestingDemoTests;
			productReference = 0D8A88EB250E20DE00D0B1C6 /* UnitTestingDemoTests.xctest */;
			productType = "com.apple.product-type.bundle.unit-test";
		};
/* End PBXNativeTarget section */

/* Begin PBXProject section */
		0D8A88C8250E20A400D0B1C6 /* Project object */ = {
			isa = PBXProject;
			attributes = {
				LastSwiftUpdateCheck = 1170;
				LastUpgradeCheck = 1170;
				ORGANIZATIONNAME = "Prashant Gaikwad";
				TargetAttributes = {
					0D8A88CF250E20A400D0B1C6 = {
						CreatedOnToolsVersion = 11.7;
					};
					0D8A88EA250E20DE00D0B1C6 = {
						CreatedOnToolsVersion = 11.7;
						TestTargetID = 0D8A88CF250E20A400D0B1C6;
					};
				};
			};
			buildConfigurationList = 0D8A88CB250E20A400D0B1C6 /* Build configuration list for PBXProject "UnitTestingDemo" */;
			compatibilityVersion = "Xcode 9.3";
			developmentRegion = en;
			hasScannedForEncodings = 0;
			knownRegions = (
				en,
				Base,
			);
			mainGroup = 0D8A88C7250E20A400D0B1C6;
			productRefGroup = 0D8A88D1250E20A400D0B1C6 /* Products */;
			projectDirPath = "";
			projectRoot = "";
			targets = (
				0D8A88CF250E20A400D0B1C6 /* UnitTestingDemo */,
				0D8A88EA250E20DE00D0B1C6 /* UnitTestingDemoTests */,
			);
		};
/* End PBXProject section */

/* Begin PBXResourcesBuildPhase section */
		0D8A88CE250E20A400D0B1C6 /* Resources */ = {
			isa = PBXResourcesBuildPhase;
			buildActionMask = 2147483647;
			files = (
				0D8A88E0250E20A800D0B1C6 /* LaunchScreen.storyboard in Resources */,
				0D8A88DD250E20A800D0B1C6 /* Assets.xcassets in Resources */,
				0D8A88DB250E20A400D0B1C6 /* Main.storyboard in Resources */,
			);
			runOnlyForDeploymentPostprocessing = 0;
		};
		0D8A88E9250E20DE00D0B1C6 /* Resources */ = {
			isa = PBXResourcesBuildPhase;
			buildActionMask = 2147483647;
			files = (
			);
			runOnlyForDeploymentPostprocessing = 0;
		};
/* End PBXResourcesBuildPhase section */

/* Begin PBXSourcesBuildPhase section */
		0D8A88CC250E20A400D0B1C6 /* Sources */ = {
			isa = PBXSourcesBuildPhase;
			buildActionMask = 2147483647;
			files = (
				0D8A88D8250E20A400D0B1C6 /* ViewController.swift in Sources */,
				0D8A88F6250E249200D0B1C6 /* Pokemon.swift in Sources */,
				0D8A88D4250E20A400D0B1C6 /* AppDelegate.swift in Sources */,
				0D8A88D6250E20A400D0B1C6 /* SceneDelegate.swift in Sources */,
			);
			runOnlyForDeploymentPostprocessing = 0;
		};
		0D8A88E7250E20DE00D0B1C6 /* Sources */ = {
			isa = PBXSourcesBuildPhase;
			buildActionMask = 2147483647;
			files = (
				0D8A88EE250E20DE00D0B1C6 /* UnitTestingDemoTests.swift in Sources */,
			);
			runOnlyForDeploymentPostprocessing = 0;
		};
/* End PBXSourcesBuildPhase section */

/* Begin PBXTargetDependency section */
		0D8A88F1250E20DE00D0B1C6 /* PBXTargetDependency */ = {
			isa = PBXTargetDependency;
			target = 0D8A88CF250E20A400D0B1C6 /* UnitTestingDemo */;
			targetProxy = 0D8A88F0250E20DE00D0B1C6 /* PBXContainerItemProxy */;
		};
/* End PBXTargetDependency section */

/* Begin PBXVariantGroup section */
		0D8A88D9250E20A400D0B1C6 /* Main.storyboard */ = {
			isa = PBXVariantGroup;
			children = (
				0D8A88DA250E20A400D0B1C6 /* Base */,
			);
			name = Main.storyboard;
			sourceTree = "<group>";
		};
		0D8A88DE250E20A800D0B1C6 /* LaunchScreen.storyboard */ = {
			isa = PBXVariantGroup;
			children = (
				0D8A88DF250E20A800D0B1C6 /* Base */,
			);
			name = LaunchScreen.storyboard;
			sourceTree = "<group>";
		};
/* End PBXVariantGroup section */

/* Begin XCBuildConfiguration section */
		0D8A88E2250E20A800D0B1C6 /* Debug */ = {
			isa = XCBuildConfiguration;
			buildSettings = {
				ALWAYS_SEARCH_USER_PATHS = NO;
				CLANG_ANALYZER_NONNULL = YES;
				CLANG_ANALYZER_NUMBER_OBJECT_CONVERSION = YES_AGGRESSIVE;
				CLANG_CXX_LANGUAGE_STANDARD = "gnu++14";
				CLANG_CXX_LIBRARY = "libc++";
				CLANG_ENABLE_MODULES = YES;
				CLANG_ENABLE_OBJC_ARC = YES;
				CLANG_ENABLE_OBJC_WEAK = YES;
				CLANG_WARN_BLOCK_CAPTURE_AUTORELEASING = YES;
				CLANG_WARN_BOOL_CONVERSION = YES;
				CLANG_WARN_COMMA = YES;
				CLANG_WARN_CONSTANT_CONVERSION = YES;
				CLANG_WARN_DEPRECATED_OBJC_IMPLEMENTATIONS = YES;
				CLANG_WARN_DIRECT_OBJC_ISA_USAGE = YES_ERROR;
				CLANG_WARN_DOCUMENTATION_COMMENTS = YES;
				CLANG_WARN_EMPTY_BODY = YES;
				CLANG_WARN_ENUM_CONVERSION = YES;
				CLANG_WARN_INFINITE_RECURSION = YES;
				CLANG_WARN_INT_CONVERSION = YES;
				CLANG_WARN_NON_LITERAL_NULL_CONVERSION = YES;
				CLANG_WARN_OBJC_IMPLICIT_RETAIN_SELF = YES;
				CLANG_WARN_OBJC_LITERAL_CONVERSION = YES;
				CLANG_WARN_OBJC_ROOT_CLASS = YES_ERROR;
				CLANG_WARN_RANGE_LOOP_ANALYSIS = YES;
				CLANG_WARN_STRICT_PROTOTYPES = YES;
				CLANG_WARN_SUSPICIOUS_MOVE = YES;
				CLANG_WARN_UNGUARDED_AVAILABILITY = YES_AGGRESSIVE;
				CLANG_WARN_UNREACHABLE_CODE = YES;
				CLANG_WARN__DUPLICATE_METHOD_MATCH = YES;
				COPY_PHASE_STRIP = NO;
				DEBUG_INFORMATION_FORMAT = dwarf;
				ENABLE_STRICT_OBJC_MSGSEND = YES;
				ENABLE_TESTABILITY = YES;
				GCC_C_LANGUAGE_STANDARD = gnu11;
				GCC_DYNAMIC_NO_PIC = NO;
				GCC_NO_COMMON_BLOCKS = YES;
				GCC_OPTIMIZATION_LEVEL = 0;
				GCC_PREPROCESSOR_DEFINITIONS = (
					"DEBUG=1",
					"$(inherited)",
				);
				GCC_WARN_64_TO_32_BIT_CONVERSION = YES;
				GCC_WARN_ABOUT_RETURN_TYPE = YES_ERROR;
				GCC_WARN_UNDECLARED_SELECTOR = YES;
				GCC_WARN_UNINITIALIZED_AUTOS = YES_AGGRESSIVE;
				GCC_WARN_UNUSED_FUNCTION = YES;
				GCC_WARN_UNUSED_VARIABLE = YES;
				IPHONEOS_DEPLOYMENT_TARGET = 13.1;
				MTL_ENABLE_DEBUG_INFO = INCLUDE_SOURCE;
				MTL_FAST_MATH = YES;
				ONLY_ACTIVE_ARCH = YES;
				SDKROOT = iphoneos;
				SWIFT_ACTIVE_COMPILATION_CONDITIONS = DEBUG;
				SWIFT_OPTIMIZATION_LEVEL = "-Onone";
			};
			name = Debug;
		};
		0D8A88E3250E20A800D0B1C6 /* Release */ = {
			isa = XCBuildConfiguration;
			buildSettings = {
				ALWAYS_SEARCH_USER_PATHS = NO;
				CLANG_ANALYZER_NONNULL = YES;
				CLANG_ANALYZER_NUMBER_OBJECT_CONVERSION = YES_AGGRESSIVE;
				CLANG_CXX_LANGUAGE_STANDARD = "gnu++14";
				CLANG_CXX_LIBRARY = "libc++";
				CLANG_ENABLE_MODULES = YES;
				CLANG_ENABLE_OBJC_ARC = YES;
				CLANG_ENABLE_OBJC_WEAK = YES;
				CLANG_WARN_BLOCK_CAPTURE_AUTORELEASING = YES;
				CLANG_WARN_BOOL_CONVERSION = YES;
				CLANG_WARN_COMMA = YES;
				CLANG_WARN_CONSTANT_CONVERSION = YES;
				CLANG_WARN_DEPRECATED_OBJC_IMPLEMENTATIONS = YES;
				CLANG_WARN_DIRECT_OBJC_ISA_USAGE = YES_ERROR;
				CLANG_WARN_DOCUMENTATION_COMMENTS = YES;
				CLANG_WARN_EMPTY_BODY = YES;
				CLANG_WARN_ENUM_CONVERSION = YES;
				CLANG_WARN_INFINITE_RECURSION = YES;
				CLANG_WARN_INT_CONVERSION = YES;
				CLANG_WARN_NON_LITERAL_NULL_CONVERSION = YES;
				CLANG_WARN_OBJC_IMPLICIT_RETAIN_SELF = YES;
				CLANG_WARN_OBJC_LITERAL_CONVERSION = YES;
				CLANG_WARN_OBJC_ROOT_CLASS = YES_ERROR;
				CLANG_WARN_RANGE_LOOP_ANALYSIS = YES;
				CLANG_WARN_STRICT_PROTOTYPES = YES;
				CLANG_WARN_SUSPICIOUS_MOVE = YES;
				CLANG_WARN_UNGUARDED_AVAILABILITY = YES_AGGRESSIVE;
				CLANG_WARN_UNREACHABLE_CODE = YES;
				CLANG_WARN__DUPLICATE_METHOD_MATCH = YES;
				COPY_PHASE_STRIP = NO;
				DEBUG_INFORMATION_FORMAT = "dwarf-with-dsym";
				ENABLE_NS_ASSERTIONS = NO;
				ENABLE_STRICT_OBJC_MSGSEND = YES;
				GCC_C_LANGUAGE_STANDARD = gnu11;
				GCC_NO_COMMON_BLOCKS = YES;
				GCC_WARN_64_TO_32_BIT_CONVERSION = YES;
				GCC_WARN_ABOUT_RETURN_TYPE = YES_ERROR;
				GCC_WARN_UNDECLARED_SELECTOR = YES;
				GCC_WARN_UNINITIALIZED_AUTOS = YES_AGGRESSIVE;
				GCC_WARN_UNUSED_FUNCTION = YES;
				GCC_WARN_UNUSED_VARIABLE = YES;
				IPHONEOS_DEPLOYMENT_TARGET = 13.1;
				MTL_ENABLE_DEBUG_INFO = NO;
				MTL_FAST_MATH = YES;
				SDKROOT = iphoneos;
				SWIFT_COMPILATION_MODE = wholemodule;
				SWIFT_OPTIMIZATION_LEVEL = "-O";
				VALIDATE_PRODUCT = YES;
			};
			name = Release;
		};
		0D8A88E5250E20A800D0B1C6 /* Debug */ = {
			isa = XCBuildConfiguration;
			buildSettings = {
				ASSETCATALOG_COMPILER_APPICON_NAME = AppIcon;
				CODE_SIGN_STYLE = Automatic;
				DEVELOPMENT_TEAM = SBN3SRX3YH;
				INFOPLIST_FILE = UnitTestingDemo/Info.plist;
				LD_RUNPATH_SEARCH_PATHS = (
					"$(inherited)",
					"@executable_path/Frameworks",
				);
				PRODUCT_BUNDLE_IDENTIFIER = com.Confidential.UnitTestingDemo;
				PRODUCT_NAME = "$(TARGET_NAME)";
				SWIFT_VERSION = 5.0;
				TARGETED_DEVICE_FAMILY = "1,2";
			};
			name = Debug;
		};
		0D8A88E6250E20A800D0B1C6 /* Release */ = {
			isa = XCBuildConfiguration;
			buildSettings = {
				ASSETCATALOG_COMPILER_APPICON_NAME = AppIcon;
				CODE_SIGN_STYLE = Automatic;
				DEVELOPMENT_TEAM = SBN3SRX3YH;
				INFOPLIST_FILE = UnitTestingDemo/Info.plist;
				LD_RUNPATH_SEARCH_PATHS = (
					"$(inherited)",
					"@executable_path/Frameworks",
				);
				PRODUCT_BUNDLE_IDENTIFIER = com.Confidential.UnitTestingDemo;
				PRODUCT_NAME = "$(TARGET_NAME)";
				SWIFT_VERSION = 5.0;
				TARGETED_DEVICE_FAMILY = "1,2";
			};
			name = Release;
		};
		0D8A88F3250E20DE00D0B1C6 /* Debug */ = {
			isa = XCBuildConfiguration;
			buildSettings = {
				BUNDLE_LOADER = "$(TEST_HOST)";
				CODE_SIGN_STYLE = Automatic;
				DEVELOPMENT_TEAM = SBN3SRX3YH;
				INFOPLIST_FILE = UnitTestingDemoTests/Info.plist;
				LD_RUNPATH_SEARCH_PATHS = (
					"$(inherited)",
					"@executable_path/Frameworks",
					"@loader_path/Frameworks",
				);
				PRODUCT_BUNDLE_IDENTIFIER = com.Confidential.UnitTestingDemoTests;
				PRODUCT_NAME = "$(TARGET_NAME)";
				SWIFT_VERSION = 5.0;
				TARGETED_DEVICE_FAMILY = "1,2";
				TEST_HOST = "$(BUILT_PRODUCTS_DIR)/UnitTestingDemo.app/UnitTestingDemo";
			};
			name = Debug;
		};
		0D8A88F4250E20DE00D0B1C6 /* Release */ = {
			isa = XCBuildConfiguration;
			buildSettings = {
				BUNDLE_LOADER = "$(TEST_HOST)";
				CODE_SIGN_STYLE = Automatic;
				DEVELOPMENT_TEAM = SBN3SRX3YH;
				INFOPLIST_FILE = UnitTestingDemoTests/Info.plist;
				LD_RUNPATH_SEARCH_PATHS = (
					"$(inherited)",
					"@executable_path/Frameworks",
					"@loader_path/Frameworks",
				);
				PRODUCT_BUNDLE_IDENTIFIER = com.Confidential.UnitTestingDemoTests;
				PRODUCT_NAME = "$(TARGET_NAME)";
				SWIFT_VERSION = 5.0;
				TARGETED_DEVICE_FAMILY = "1,2";
				TEST_HOST = "$(BUILT_PRODUCTS_DIR)/UnitTestingDemo.app/UnitTestingDemo";
			};
			name = Release;
		};
/* End XCBuildConfiguration section */

/* Begin XCConfigurationList section */
		0D8A88CB250E20A400D0B1C6 /* Build configuration list for PBXProject "UnitTestingDemo" */ = {
			isa = XCConfigurationList;
			buildConfigurations = (
				0D8A88E2250E20A800D0B1C6 /* Debug */,
				0D8A88E3250E20A800D0B1C6 /* Release */,
			);
			defaultConfigurationIsVisible = 0;
			defaultConfigurationName = Release;
		};
		0D8A88E4250E20A800D0B1C6 /* Build configuration list for PBXNativeTarget "UnitTestingDemo" */ = {
			isa = XCConfigurationList;
			buildConfigurations = (
				0D8A88E5250E20A800D0B1C6 /* Debug */,
				0D8A88E6250E20A800D0B1C6 /* Release */,
			);
			defaultConfigurationIsVisible = 0;
			defaultConfigurationName = Release;
		};
		0D8A88F2250E20DE00D0B1C6 /* Build configuration list for PBXNativeTarget "UnitTestingDemoTests" */ = {
			isa = XCConfigurationList;
			buildConfigurations = (
				0D8A88F3250E20DE00D0B1C6 /* Debug */,
				0D8A88F4250E20DE00D0B1C6 /* Release */,
			);
			defaultConfigurationIsVisible = 0;
			defaultConfigurationName = Release;
		};
/* End XCConfigurationList section */
	};
	rootObject = 0D8A88C8250E20A400D0B1C6 /* Project object */;
}
